{
  "name": "@verifrax/root",
  "lockfileVersion": 3,
  "requires": true,
  "packages": {
    "": {
      "name": "@verifrax/root",
      "dependencies": {
        "@sigstore/verify": "3.0.0",
        "js-yaml": "4.1.0"
      },
      "devDependencies": {
        "@types/node": "25",
        "typescript": "^5.9.3"
      }
    },
    "node_modules/@sigstore/bundle": {
      "version": "4.0.0",
      "resolved": "https://registry.npmjs.org/@sigstore/bundle/-/bundle-4.0.0.tgz",
      "integrity": "sha512-NwCl5Y0V6Di0NexvkTqdoVfmjTaQwoLM236r89KEojGmq/jMls8S+zb7yOwAPdXvbwfKDlP+lmXgAL4vKSQT+A==",
      "license": "Apache-2.0",
      "dependencies": {
        "@sigstore/protobuf-specs": "^0.5.0"
      },
      "engines": {
        "node": "^20.17.0 || >=22.9.0"
      }
    },
    "node_modules/@sigstore/core": {
      "version": "3.1.0",
      "resolved": "https://registry.npmjs.org/@sigstore/core/-/core-3.1.0.tgz",
      "integrity": "sha512-o5cw1QYhNQ9IroioJxpzexmPjfCe7gzafd2RY3qnMpxr4ZEja+Jad/U8sgFpaue6bOaF+z7RVkyKVV44FN+N8A==",
      "license": "Apache-2.0",
      "engines": {
        "node": "^20.17.0 || >=22.9.0"
      }
    },
    "node_modules/@sigstore/protobuf-specs": {
      "version": "0.5.0",
      "resolved": "https://registry.npmjs.org/@sigstore/protobuf-specs/-/protobuf-specs-0.5.0.tgz",
      "integrity": "sha512-MM8XIwUjN2bwvCg1QvrMtbBmpcSHrkhFSCu1D11NyPvDQ25HEc4oG5/OcQfd/Tlf/OxmKWERDj0zGE23jQaMwA==",
      "license": "Apache-2.0",
      "engines": {
        "node": "^18.17.0 || >=20.5.0"
      }
    },
    "node_modules/@sigstore/verify": {
      "version": "3.0.0",
      "resolved": "https://registry.npmjs.org/@sigstore/verify/-/verify-3.0.0.tgz",
      "integrity": "sha512-moXtHH33AobOhTZF8xcX1MpOFqdvfCk7v6+teJL8zymBiDXwEsQH6XG9HGx2VIxnJZNm4cNSzflTLDnQLmIdmw==",
      "license": "Apache-2.0",
      "dependencies": {
        "@sigstore/bundle": "^4.0.0",
        "@sigstore/core": "^3.0.0",
        "@sigstore/protobuf-specs": "^0.5.0"
      },
      "engines": {
        "node": "^20.17.0 || >=22.9.0"
      }
    },
    "node_modules/@types/node": {
      "version": "25.3.1",
      "resolved": "https://registry.npmjs.org/@types/node/-/node-25.3.1.tgz",
      "integrity": "sha512-hj9YIJimBCipHVfHKRMnvmHg+wfhKc0o4mTtXh9pKBjC8TLJzz0nzGmLi5UJsYAUgSvXFHgb0V2oY10DUFtImw==",
      "dev": true,
      "license": "MIT",
      "dependencies": {
        "undici-types": "~7.18.0"
      }
    },
    "node_modules/argparse": {
      "version": "2.0.1",
      "resolved": "https://registry.npmjs.org/argparse/-/argparse-2.0.1.tgz",
      "integrity": "sha512-8+9WqebbFzpX9OR+Wa6O29asIogeRMzcGtAINdpMHHyAg10f05aSFVBbcEqGf/PXw1EjAZ+q2/bEBg3DvurK3Q==",
      "license": "Python-2.0"
    },
    "node_modules/js-yaml": {
      "version": "4.1.0",
      "resolved": "https://registry.npmjs.org/js-yaml/-/js-yaml-4.1.0.tgz",
      "integrity": "sha512-wpxZs9NoxZaJESJGIZTyDEaYpl0FKSA+FB9aJiyemKhMwkxQg63h4T1KJgUGHpTqPDNRcmmYLugrRjJlBtWvRA==",
      "license": "MIT",
      "dependencies": {
        "argparse": "^2.0.1"
      },
      "bin": {
        "js-yaml": "bin/js-yaml.js"
      }
    },
    "node_modules/typescript": {
      "version": "5.9.3",
      "resolved": "https://registry.npmjs.org/typescript/-/typescript-5.9.3.tgz",
      "integrity": "sha512-jl1vZzPDinLr9eUt3J/t7V6FgNEw9QjvBPdysz9KfQDD41fQrC2Y4vKQdiaUpFT4bXlb1RHhLpp8wtm6M5TgSw==",
      "dev": true,
      "license": "Apache-2.0",
      "bin": {
        "tsc": "bin/tsc",
        "tsserver": "bin/tsserver"
      },
      "engines": {
        "node": ">=14.17"
      }
    },
    "node_modules/undici-types": {
      "version": "7.18.2",
      "resolved": "https://registry.npmjs.org/undici-types/-/undici-types-7.18.2.tgz",
      "integrity": "sha512-AsuCzffGHJybSaRrmr5eHr81mwJU3kjw6M+uprWvCXiNeN9SOGwQ3Jn8jb8m3Z6izVgknn1R0FTCEAP2QrLY/w==",
      "dev": true,
      "license": "MIT"
    }
  }
}
