lockfileVersion: '9.0'

settings:
  autoInstallPeers: true
  excludeLinksFromLockfile: false

importers:

  .:
    dependencies:
      '@sigstore/verify':
        specifier: 3.0.0
        version: 3.0.0
    devDependencies:
      '@types/node':
        specifier: '25'
        version: 25.3.5
      '@vercel/ncc':
        specifier: ^0.38.4
        version: 0.38.4
      typescript:
        specifier: ^5.9.3
        version: 5.9.3

packages:

  '@sigstore/bundle@4.0.0':
    resolution: {integrity: sha512-NwCl5Y0V6Di0NexvkTqdoVfmjTaQwoLM236r89KEojGmq/jMls8S+zb7yOwAPdXvbwfKDlP+lmXgAL4vKSQT+A==}
    engines: {node: ^20.17.0 || >=22.9.0}

  '@sigstore/core@3.1.0':
    resolution: {integrity: sha512-o5cw1QYhNQ9IroioJxpzexmPjfCe7gzafd2RY3qnMpxr4ZEja+Jad/U8sgFpaue6bOaF+z7RVkyKVV44FN+N8A==}
    engines: {node: ^20.17.0 || >=22.9.0}

  '@sigstore/protobuf-specs@0.5.0':
    resolution: {integrity: sha512-MM8XIwUjN2bwvCg1QvrMtbBmpcSHrkhFSCu1D11NyPvDQ25HEc4oG5/OcQfd/Tlf/OxmKWERDj0zGE23jQaMwA==}
    engines: {node: ^18.17.0 || >=20.5.0}

  '@sigstore/verify@3.0.0':
    resolution: {integrity: sha512-moXtHH33AobOhTZF8xcX1MpOFqdvfCk7v6+teJL8zymBiDXwEsQH6XG9HGx2VIxnJZNm4cNSzflTLDnQLmIdmw==}
    engines: {node: ^20.17.0 || >=22.9.0}

  '@types/node@25.3.5':
    resolution: {integrity: sha512-oX8xrhvpiyRCQkG1MFchB09f+cXftgIXb3a7UUa4Y3wpmZPw5tyZGTLWhlESOLq1Rq6oDlc8npVU2/9xiCuXMA==}

  '@vercel/ncc@0.38.4':
    resolution: {integrity: sha512-8LwjnlP39s08C08J5NstzriPvW1SP8Zfpp1BvC2sI35kPeZnHfxVkCwu4/+Wodgnd60UtT1n8K8zw+Mp7J9JmQ==}
    hasBin: true

  typescript@5.9.3:
    resolution: {integrity: sha512-jl1vZzPDinLr9eUt3J/t7V6FgNEw9QjvBPdysz9KfQDD41fQrC2Y4vKQdiaUpFT4bXlb1RHhLpp8wtm6M5TgSw==}
    engines: {node: '>=14.17'}
    hasBin: true

  undici-types@7.18.2:
    resolution: {integrity: sha512-AsuCzffGHJybSaRrmr5eHr81mwJU3kjw6M+uprWvCXiNeN9SOGwQ3Jn8jb8m3Z6izVgknn1R0FTCEAP2QrLY/w==}

snapshots:

  '@sigstore/bundle@4.0.0':
    dependencies:
      '@sigstore/protobuf-specs': 0.5.0

  '@sigstore/core@3.1.0': {}

  '@sigstore/protobuf-specs@0.5.0': {}

  '@sigstore/verify@3.0.0':
    dependencies:
      '@sigstore/bundle': 4.0.0
      '@sigstore/core': 3.1.0
      '@sigstore/protobuf-specs': 0.5.0

  '@types/node@25.3.5':
    dependencies:
      undici-types: 7.18.2

  '@vercel/ncc@0.38.4': {}

  typescript@5.9.3: {}

  undici-types@7.18.2: {}
