lockfileVersion: '9.0'

settings:
  autoInstallPeers: true
  excludeLinksFromLockfile: false

importers:

  .:
    dependencies:
      '@sigstore/verify':
        specifier: 3.1.1
        version: 3.1.1
    devDependencies:
      '@types/node':
        specifier: '25'
        version: 25.3.5
      '@vercel/ncc':
        specifier: ^0.45.0
        version: 0.45.0
      typescript:
        specifier: ^5.9.3
        version: 5.9.3

  archive/verifrax-reference-verifier: {}

  verifier/node: {}

packages:

  '@sigstore/bundle@4.0.0':
    resolution: {integrity: sha512-NwCl5Y0V6Di0NexvkTqdoVfmjTaQwoLM236r89KEojGmq/jMls8S+zb7yOwAPdXvbwfKDlP+lmXgAL4vKSQT+A==}
    engines: {node: ^20.17.0 || >=22.9.0}

  '@sigstore/core@3.2.1':
    resolution: {integrity: sha512-qRsxPnCrbC/puegGxKuynfnxgLiHqWStrSjxkoB4YKqq3Z3s4cyZyj42ZdWFAEblNP65C+rBH8EuREHIXoi83g==}
    engines: {node: ^20.17.0 || >=22.9.0}

  '@sigstore/protobuf-specs@0.5.0':
    resolution: {integrity: sha512-MM8XIwUjN2bwvCg1QvrMtbBmpcSHrkhFSCu1D11NyPvDQ25HEc4oG5/OcQfd/Tlf/OxmKWERDj0zGE23jQaMwA==}
    engines: {node: ^18.17.0 || >=20.5.0}

  '@sigstore/verify@3.1.1':
    resolution: {integrity: sha512-qv7+G3J2cc6wwFj3yKvXOamzqhMwSk1ogPGmhpS8iXllcPrJaIIBA+4HbttlHVu1pqWTdmaCH/WE7UOC51kdoA==}
    engines: {node: ^20.17.0 || >=22.9.0}

  '@types/node@25.3.5':
    resolution: {integrity: sha512-oX8xrhvpiyRCQkG1MFchB09f+cXftgIXb3a7UUa4Y3wpmZPw5tyZGTLWhlESOLq1Rq6oDlc8npVU2/9xiCuXMA==}

  '@vercel/ncc@0.45.0':
    resolution: {integrity: sha512-8zPi1yO2mHpoKTD+e+Bf0ZT3e+sWHSOyGapm9s7b5R0gxJi3CiFTqmeQiMEyu6ejrz2s09M8JkEoUaTWjBJPQQ==}
    hasBin: true

  typescript@5.9.3:
    resolution: {integrity: sha512-jl1vZzPDinLr9eUt3J/t7V6FgNEw9QjvBPdysz9KfQDD41fQrC2Y4vKQdiaUpFT4bXlb1RHhLpp8wtm6M5TgSw==}
    engines: {node: '>=14.17'}
    hasBin: true

  undici-types@7.18.2:
    resolution: {integrity: sha512-AsuCzffGHJybSaRrmr5eHr81mwJU3kjw6M+uprWvCXiNeN9SOGwQ3Jn8jb8m3Z6izVgknn1R0FTCEAP2QrLY/w==}

snapshots:

  '@sigstore/bundle@4.0.0':
    dependencies:
      '@sigstore/protobuf-specs': 0.5.0

  '@sigstore/core@3.2.1': {}

  '@sigstore/protobuf-specs@0.5.0': {}

  '@sigstore/verify@3.1.1':
    dependencies:
      '@sigstore/bundle': 4.0.0
      '@sigstore/core': 3.2.1
      '@sigstore/protobuf-specs': 0.5.0

  '@types/node@25.3.5':
    dependencies:
      undici-types: 7.18.2

  '@vercel/ncc@0.45.0': {}

  typescript@5.9.3: {}

  undici-types@7.18.2: {}
